
Microsoft Visual Studio Solution File, Format Version 10.00
# Visual C# Express 2008
Project("{FAE04EC0-301F-11D3-BF4B-00C04F79EFBC}") = "IFilterParser", "IFilterParser\IFilterParser.csproj", "{F55BB30C-E5E3-46E4-8924-38A4F7A193E0}"
EndProject
Global
	GlobalSection(SolutionConfigurationPlatforms) = preSolution
		Debug|Any CPU = Debug|Any CPU
		Release|Any CPU = Release|Any CPU
	EndGlobalSection
	GlobalSection(ProjectConfigurationPlatforms) = postSolution
		{F55BB30C-E5E3-46E4-8924-38A4F7A193E0}.Debug|Any CPU.ActiveCfg = Debug|Any CPU
		{F55BB30C-E5E3-46E4-8924-38A4F7A193E0}.Debug|Any CPU.Build.0 = Debug|Any CPU
		{F55BB30C-E5E3-46E4-8924-38A4F7A193E0}.Release|Any CPU.ActiveCfg = Release|Any CPU
		{F55BB30C-E5E3-46E4-8924-38A4F7A193E0}.Release|Any CPU.Build.0 = Release|Any CPU
	EndGlobalSection
	GlobalSection(SolutionProperties) = preSolution
		HideSolutionNode = FALSE
	EndGlobalSection
EndGlobal
